// !$*UTF8*$!
{
	archiveVersion = 1;
	classes = {
	};
	objectVersion = 56;
	objects = {

/* Begin PBXBuildFile section */
		/* App */
		1A0000010000000000000001 /* TaskPaperApp.swift in Sources */ = {isa = PBXBuildFile; fileRef = 2A0000010000000000000001 /* TaskPaperApp.swift */; };

		/* Models */
		1A0000020000000000000001 /* Item.swift in Sources */ = {isa = PBXBuildFile; fileRef = 2A0000020000000000000001 /* Item.swift */; };
		1A0000030000000000000001 /* Tag.swift in Sources */ = {isa = PBXBuildFile; fileRef = 2A0000030000000000000001 /* Tag.swift */; };
		1A0000040000000000000001 /* Document.swift in Sources */ = {isa = PBXBuildFile; fileRef = 2A0000040000000000000001 /* Document.swift */; };

		/* ViewModels */
		1A0000050000000000000001 /* DocumentViewModel.swift in Sources */ = {isa = PBXBuildFile; fileRef = 2A0000050000000000000001 /* DocumentViewModel.swift */; };
		1A0000060000000000000001 /* SidebarViewModel.swift in Sources */ = {isa = PBXBuildFile; fileRef = 2A0000060000000000000001 /* SidebarViewModel.swift */; };
		1A0000070000000000000001 /* SearchViewModel.swift in Sources */ = {isa = PBXBuildFile; fileRef = 2A0000070000000000000001 /* SearchViewModel.swift */; };

		/* Views */
		1A0000080000000000000001 /* ContentView.swift in Sources */ = {isa = PBXBuildFile; fileRef = 2A0000080000000000000001 /* ContentView.swift */; };
		1A0000090000000000000001 /* SidebarView.swift in Sources */ = {isa = PBXBuildFile; fileRef = 2A0000090000000000000001 /* SidebarView.swift */; };
		1A0000100000000000000001 /* EditorView.swift in Sources */ = {isa = PBXBuildFile; fileRef = 2A0000100000000000000001 /* EditorView.swift */; };
		1A0000110000000000000001 /* ItemRowView.swift in Sources */ = {isa = PBXBuildFile; fileRef = 2A0000110000000000000001 /* ItemRowView.swift */; };

		/* Services */
		1A0000120000000000000001 /* Parser.swift in Sources */ = {isa = PBXBuildFile; fileRef = 2A0000120000000000000001 /* Parser.swift */; };
		1A0000130000000000000001 /* FileService.swift in Sources */ = {isa = PBXBuildFile; fileRef = 2A0000130000000000000001 /* FileService.swift */; };

		/* Utilities */
		1A0000140000000000000001 /* SearchEngine.swift in Sources */ = {isa = PBXBuildFile; fileRef = 2A0000140000000000000001 /* SearchEngine.swift */; };
		1A0000150000000000000001 /* GestureModifiers.swift in Sources */ = {isa = PBXBuildFile; fileRef = 2A0000150000000000000001 /* GestureModifiers.swift */; };
		1A0000160000000000000001 /* ViewModifiers.swift in Sources */ = {isa = PBXBuildFile; fileRef = 2A0000160000000000000001 /* ViewModifiers.swift */; };

		/* Assets */
		1A0000170000000000000001 /* Assets.xcassets in Resources */ = {isa = PBXBuildFile; fileRef = 2A0000170000000000000001 /* Assets.xcassets */; };
/* End PBXBuildFile section */

/* Begin PBXFileReference section */
		3A0000010000000000000001 /* TaskPaperApp.app */ = {isa = PBXFileReference; explicitFileType = wrapper.application; includeInIndex = 0; path = TaskPaperApp.app; sourceTree = BUILT_PRODUCTS_DIR; };

		/* App */
		2A0000010000000000000001 /* TaskPaperApp.swift */ = {isa = PBXFileReference; lastKnownFileType = sourcecode.swift; path = TaskPaperApp.swift; sourceTree = "<group>"; };

		/* Models */
		2A0000020000000000000001 /* Item.swift */ = {isa = PBXFileReference; lastKnownFileType = sourcecode.swift; path = Item.swift; sourceTree = "<group>"; };
		2A0000030000000000000001 /* Tag.swift */ = {isa = PBXFileReference; lastKnownFileType = sourcecode.swift; path = Tag.swift; sourceTree = "<group>"; };
		2A0000040000000000000001 /* Document.swift */ = {isa = PBXFileReference; lastKnownFileType = sourcecode.swift; path = Document.swift; sourceTree = "<group>"; };

		/* ViewModels */
		2A0000050000000000000001 /* DocumentViewModel.swift */ = {isa = PBXFileReference; lastKnownFileType = sourcecode.swift; path = DocumentViewModel.swift; sourceTree = "<group>"; };
		2A0000060000000000000001 /* SidebarViewModel.swift */ = {isa = PBXFileReference; lastKnownFileType = sourcecode.swift; path = SidebarViewModel.swift; sourceTree = "<group>"; };
		2A0000070000000000000001 /* SearchViewModel.swift */ = {isa = PBXFileReference; lastKnownFileType = sourcecode.swift; path = SearchViewModel.swift; sourceTree = "<group>"; };

		/* Views */
		2A0000080000000000000001 /* ContentView.swift */ = {isa = PBXFileReference; lastKnownFileType = sourcecode.swift; path = ContentView.swift; sourceTree = "<group>"; };
		2A0000090000000000000001 /* SidebarView.swift */ = {isa = PBXFileReference; lastKnownFileType = sourcecode.swift; path = SidebarView.swift; sourceTree = "<group>"; };
		2A0000100000000000000001 /* EditorView.swift */ = {isa = PBXFileReference; lastKnownFileType = sourcecode.swift; path = EditorView.swift; sourceTree = "<group>"; };
		2A0000110000000000000001 /* ItemRowView.swift */ = {isa = PBXFileReference; lastKnownFileType = sourcecode.swift; path = ItemRowView.swift; sourceTree = "<group>"; };

		/* Services */
		2A0000120000000000000001 /* Parser.swift */ = {isa = PBXFileReference; lastKnownFileType = sourcecode.swift; path = Parser.swift; sourceTree = "<group>"; };
		2A0000130000000000000001 /* FileService.swift */ = {isa = PBXFileReference; lastKnownFileType = sourcecode.swift; path = FileService.swift; sourceTree = "<group>"; };

		/* Utilities */
		2A0000140000000000000001 /* SearchEngine.swift */ = {isa = PBXFileReference; lastKnownFileType = sourcecode.swift; path = SearchEngine.swift; sourceTree = "<group>"; };
		2A0000150000000000000001 /* GestureModifiers.swift */ = {isa = PBXFileReference; lastKnownFileType = sourcecode.swift; path = GestureModifiers.swift; sourceTree = "<group>"; };
		2A0000160000000000000001 /* ViewModifiers.swift */ = {isa = PBXFileReference; lastKnownFileType = sourcecode.swift; path = ViewModifiers.swift; sourceTree = "<group>"; };

		/* Assets & Config */
		2A0000170000000000000001 /* Assets.xcassets */ = {isa = PBXFileReference; lastKnownFileType = folder.assetcatalog; path = Assets.xcassets; sourceTree = "<group>"; };
		2A0000180000000000000001 /* Info.plist */ = {isa = PBXFileReference; lastKnownFileType = text.plist.xml; path = Info.plist; sourceTree = "<group>"; };
		2A0000190000000000000001 /* TaskPaperApp.entitlements */ = {isa = PBXFileReference; lastKnownFileType = text.plist.entitlements; path = TaskPaperApp.entitlements; sourceTree = "<group>"; };
/* End PBXFileReference section */

/* Begin PBXFrameworksBuildPhase section */
		4A0000010000000000000001 /* Frameworks */ = {
			isa = PBXFrameworksBuildPhase;
			buildActionMask = 2147483647;
			files = (
			);
			runOnlyForDeploymentPostprocessing = 0;
		};
/* End PBXFrameworksBuildPhase section */

/* Begin PBXGroup section */
		5A0000010000000000000001 = {
			isa = PBXGroup;
			children = (
				5A0000020000000000000001 /* TaskPaperApp */,
				5A0000030000000000000001 /* Products */,
			);
			sourceTree = "<group>";
		};
		5A0000020000000000000001 /* TaskPaperApp */ = {
			isa = PBXGroup;
			children = (
				5A0000040000000000000001 /* App */,
				5A0000050000000000000001 /* Models */,
				5A0000060000000000000001 /* ViewModels */,
				5A0000070000000000000001 /* Views */,
				5A0000080000000000000001 /* Services */,
				5A0000090000000000000001 /* Utilities */,
				2A0000170000000000000001 /* Assets.xcassets */,
				2A0000180000000000000001 /* Info.plist */,
				2A0000190000000000000001 /* TaskPaperApp.entitlements */,
			);
			path = TaskPaperApp;
			sourceTree = "<group>";
		};
		5A0000030000000000000001 /* Products */ = {
			isa = PBXGroup;
			children = (
				3A0000010000000000000001 /* TaskPaperApp.app */,
			);
			name = Products;
			sourceTree = "<group>";
		};
		5A0000040000000000000001 /* App */ = {
			isa = PBXGroup;
			children = (
				2A0000010000000000000001 /* TaskPaperApp.swift */,
			);
			path = App;
			sourceTree = "<group>";
		};
		5A0000050000000000000001 /* Models */ = {
			isa = PBXGroup;
			children = (
				2A0000020000000000000001 /* Item.swift */,
				2A0000030000000000000001 /* Tag.swift */,
				2A0000040000000000000001 /* Document.swift */,
			);
			path = Models;
			sourceTree = "<group>";
		};
		5A0000060000000000000001 /* ViewModels */ = {
			isa = PBXGroup;
			children = (
				2A0000050000000000000001 /* DocumentViewModel.swift */,
				2A0000060000000000000001 /* SidebarViewModel.swift */,
				2A0000070000000000000001 /* SearchViewModel.swift */,
			);
			path = ViewModels;
			sourceTree = "<group>";
		};
		5A0000070000000000000001 /* Views */ = {
			isa = PBXGroup;
			children = (
				2A0000080000000000000001 /* ContentView.swift */,
				2A0000090000000000000001 /* SidebarView.swift */,
				2A0000100000000000000001 /* EditorView.swift */,
				2A0000110000000000000001 /* ItemRowView.swift */,
			);
			path = Views;
			sourceTree = "<group>";
		};
		5A0000080000000000000001 /* Services */ = {
			isa = PBXGroup;
			children = (
				2A0000120000000000000001 /* Parser.swift */,
				2A0000130000000000000001 /* FileService.swift */,
			);
			path = Services;
			sourceTree = "<group>";
		};
		5A0000090000000000000001 /* Utilities */ = {
			isa = PBXGroup;
			children = (
				2A0000140000000000000001 /* SearchEngine.swift */,
				2A0000150000000000000001 /* GestureModifiers.swift */,
				2A0000160000000000000001 /* ViewModifiers.swift */,
			);
			path = Utilities;
			sourceTree = "<group>";
		};
/* End PBXGroup section */

/* Begin PBXNativeTarget section */
		6A0000010000000000000001 /* TaskPaperApp */ = {
			isa = PBXNativeTarget;
			buildConfigurationList = 7A0000030000000000000001 /* Build configuration list for PBXNativeTarget "TaskPaperApp" */;
			buildPhases = (
				6A0000020000000000000001 /* Sources */,
				4A0000010000000000000001 /* Frameworks */,
				6A0000030000000000000001 /* Resources */,
			);
			buildRules = (
			);
			dependencies = (
			);
			name = TaskPaperApp;
			productName = TaskPaperApp;
			productReference = 3A0000010000000000000001 /* TaskPaperApp.app */;
			productType = "com.apple.product-type.application";
		};
/* End PBXNativeTarget section */

/* Begin PBXProject section */
		8A0000010000000000000001 /* Project object */ = {
			isa = PBXProject;
			attributes = {
				BuildIndependentTargetsInParallel = 1;
				LastSwiftUpdateCheck = 1500;
				LastUpgradeCheck = 1500;
				TargetAttributes = {
					6A0000010000000000000001 = {
						CreatedOnToolsVersion = 15.0;
					};
				};
			};
			buildConfigurationList = 7A0000010000000000000001 /* Build configuration list for PBXProject "TaskPaperApp" */;
			compatibilityVersion = "Xcode 14.0";
			developmentRegion = en;
			hasScannedForEncodings = 0;
			knownRegions = (
				en,
				Base,
			);
			mainGroup = 5A0000010000000000000001;
			productRefGroup = 5A0000030000000000000001 /* Products */;
			projectDirPath = "";
			projectRoot = "";
			targets = (
				6A0000010000000000000001 /* TaskPaperApp */,
			);
		};
/* End PBXProject section */

/* Begin PBXResourcesBuildPhase section */
		6A0000030000000000000001 /* Resources */ = {
			isa = PBXResourcesBuildPhase;
			buildActionMask = 2147483647;
			files = (
				1A0000170000000000000001 /* Assets.xcassets in Resources */,
			);
			runOnlyForDeploymentPostprocessing = 0;
		};
/* End PBXResourcesBuildPhase section */

/* Begin PBXSourcesBuildPhase section */
		6A0000020000000000000001 /* Sources */ = {
			isa = PBXSourcesBuildPhase;
			buildActionMask = 2147483647;
			files = (
				1A0000010000000000000001 /* TaskPaperApp.swift in Sources */,
				1A0000020000000000000001 /* Item.swift in Sources */,
				1A0000030000000000000001 /* Tag.swift in Sources */,
				1A0000040000000000000001 /* Document.swift in Sources */,
				1A0000050000000000000001 /* DocumentViewModel.swift in Sources */,
				1A0000060000000000000001 /* SidebarViewModel.swift in Sources */,
				1A0000070000000000000001 /* SearchViewModel.swift in Sources */,
				1A0000080000000000000001 /* ContentView.swift in Sources */,
				1A0000090000000000000001 /* SidebarView.swift in Sources */,
				1A0000100000000000000001 /* EditorView.swift in Sources */,
				1A0000110000000000000001 /* ItemRowView.swift in Sources */,
				1A0000120000000000000001 /* Parser.swift in Sources */,
				1A0000130000000000000001 /* FileService.swift in Sources */,
				1A0000140000000000000001 /* SearchEngine.swift in Sources */,
				1A0000150000000000000001 /* GestureModifiers.swift in Sources */,
				1A0000160000000000000001 /* ViewModifiers.swift in Sources */,
			);
			runOnlyForDeploymentPostprocessing = 0;
		};
/* End PBXSourcesBuildPhase section */

/* Begin XCBuildConfiguration section */
		9A0000010000000000000001 /* Debug */ = {
			isa = XCBuildConfiguration;
			buildSettings = {
				ALWAYS_SEARCH_USER_PATHS = NO;
				ASSETCATALOG_COMPILER_GENERATE_SWIFT_ASSET_SYMBOL_EXTENSIONS = YES;
				CLANG_ANALYZER_NONNULL = YES;
				CLANG_ANALYZER_NUMBER_OBJECT_CONVERSION = YES_AGGRESSIVE;
				CLANG_CXX_LANGUAGE_STANDARD = "gnu++20";
				CLANG_ENABLE_MODULES = YES;
				CLANG_ENABLE_OBJC_ARC = YES;
				CLANG_ENABLE_OBJC_WEAK = YES;
				CLANG_WARN_BLOCK_CAPTURE_AUTORELEASING = YES;
				CLANG_WARN_BOOL_CONVERSION = YES;
				CLANG_WARN_COMMA = YES;
				CLANG_WARN_CONSTANT_CONVERSION = YES;
				CLANG_WARN_DEPRECATED_OBJC_IMPLEMENTATIONS = YES;
				CLANG_WARN_DIRECT_OBJC_ISA_USAGE = YES_ERROR;
				CLANG_WARN_DOCUMENTATION_COMMENTS = YES;
				CLANG_WARN_EMPTY_BODY = YES;
				CLANG_WARN_ENUM_CONVERSION = YES;
				CLANG_WARN_INFINITE_RECURSION = YES;
				CLANG_WARN_INT_CONVERSION = YES;
				CLANG_WARN_NON_LITERAL_NULL_CONVERSION = YES;
				CLANG_WARN_OBJC_IMPLICIT_RETAIN_SELF = YES;
				CLANG_WARN_OBJC_LITERAL_CONVERSION = YES;
				CLANG_WARN_OBJC_ROOT_CLASS = YES_ERROR;
				CLANG_WARN_QUOTED_INCLUDE_IN_FRAMEWORK_HEADER = YES;
				CLANG_WARN_RANGE_LOOP_ANALYSIS = YES;
				CLANG_WARN_STRICT_PROTOTYPES = YES;
				CLANG_WARN_SUSPICIOUS_MOVE = YES;
				CLANG_WARN_UNGUARDED_AVAILABILITY = YES_AGGRESSIVE;
				CLANG_WARN_UNREACHABLE_CODE = YES;
				CLANG_WARN__DUPLICATE_METHOD_MATCH = YES;
				COPY_PHASE_STRIP = NO;
				DEBUG_INFORMATION_FORMAT = dwarf;
				ENABLE_STRICT_OBJC_MSGSEND = YES;
				ENABLE_TESTABILITY = YES;
				ENABLE_USER_SCRIPT_SANDBOXING = YES;
				GCC_C_LANGUAGE_STANDARD = gnu17;
				GCC_DYNAMIC_NO_PIC = NO;
				GCC_NO_COMMON_BLOCKS = YES;
				GCC_OPTIMIZATION_LEVEL = 0;
				GCC_PREPROCESSOR_DEFINITIONS = (
					"DEBUG=1",
					"$(inherited)",
				);
				GCC_WARN_64_TO_32_BIT_CONVERSION = YES;
				GCC_WARN_ABOUT_RETURN_TYPE = YES_ERROR;
				GCC_WARN_UNDECLARED_SELECTOR = YES;
				GCC_WARN_UNINITIALIZED_AUTOS = YES_AGGRESSIVE;
				GCC_WARN_UNUSED_FUNCTION = YES;
				GCC_WARN_UNUSED_VARIABLE = YES;
				IPHONEOS_DEPLOYMENT_TARGET = 17.0;
				LOCALIZATION_PREFERS_STRING_CATALOGS = YES;
				MTL_ENABLE_DEBUG_INFO = INCLUDE_SOURCE;
				MTL_FAST_MATH = YES;
				ONLY_ACTIVE_ARCH = YES;
				SDKROOT = iphoneos;
				SWIFT_ACTIVE_COMPILATION_CONDITIONS = "DEBUG $(inherited)";
				SWIFT_OPTIMIZATION_LEVEL = "-Onone";
			};
			name = Debug;
		};
		9A0000020000000000000001 /* Release */ = {
			isa = XCBuildConfiguration;
			buildSettings = {
				ALWAYS_SEARCH_USER_PATHS = NO;
				ASSETCATALOG_COMPILER_GENERATE_SWIFT_ASSET_SYMBOL_EXTENSIONS = YES;
				CLANG_ANALYZER_NONNULL = YES;
				CLANG_ANALYZER_NUMBER_OBJECT_CONVERSION = YES_AGGRESSIVE;
				CLANG_CXX_LANGUAGE_STANDARD = "gnu++20";
				CLANG_ENABLE_MODULES = YES;
				CLANG_ENABLE_OBJC_ARC = YES;
				CLANG_ENABLE_OBJC_WEAK = YES;
				CLANG_WARN_BLOCK_CAPTURE_AUTORELEASING = YES;
				CLANG_WARN_BOOL_CONVERSION = YES;
				CLANG_WARN_COMMA = YES;
				CLANG_WARN_CONSTANT_CONVERSION = YES;
				CLANG_WARN_DEPRECATED_OBJC_IMPLEMENTATIONS = YES;
				CLANG_WARN_DIRECT_OBJC_ISA_USAGE = YES_ERROR;
				CLANG_WARN_DOCUMENTATION_COMMENTS = YES;
				CLANG_WARN_EMPTY_BODY = YES;
				CLANG_WARN_ENUM_CONVERSION = YES;
				CLANG_WARN_INFINITE_RECURSION = YES;
				CLANG_WARN_INT_CONVERSION = YES;
				CLANG_WARN_NON_LITERAL_NULL_CONVERSION = YES;
				CLANG_WARN_OBJC_IMPLICIT_RETAIN_SELF = YES;
				CLANG_WARN_OBJC_LITERAL_CONVERSION = YES;
				CLANG_WARN_OBJC_ROOT_CLASS = YES_ERROR;
				CLANG_WARN_QUOTED_INCLUDE_IN_FRAMEWORK_HEADER = YES;
				CLANG_WARN_RANGE_LOOP_ANALYSIS = YES;
				CLANG_WARN_STRICT_PROTOTYPES = YES;
				CLANG_WARN_SUSPICIOUS_MOVE = YES;
				CLANG_WARN_UNGUARDED_AVAILABILITY = YES_AGGRESSIVE;
				CLANG_WARN_UNREACHABLE_CODE = YES;
				CLANG_WARN__DUPLICATE_METHOD_MATCH = YES;
				COPY_PHASE_STRIP = NO;
				DEBUG_INFORMATION_FORMAT = "dwarf-with-dsym";
				ENABLE_NS_ASSERTIONS = NO;
				ENABLE_STRICT_OBJC_MSGSEND = YES;
				ENABLE_USER_SCRIPT_SANDBOXING = YES;
				GCC_C_LANGUAGE_STANDARD = gnu17;
				GCC_NO_COMMON_BLOCKS = YES;
				GCC_WARN_64_TO_32_BIT_CONVERSION = YES;
				GCC_WARN_ABOUT_RETURN_TYPE = YES_ERROR;
				GCC_WARN_UNDECLARED_SELECTOR = YES;
				GCC_WARN_UNINITIALIZED_AUTOS = YES_AGGRESSIVE;
				GCC_WARN_UNUSED_FUNCTION = YES;
				GCC_WARN_UNUSED_VARIABLE = YES;
				IPHONEOS_DEPLOYMENT_TARGET = 17.0;
				LOCALIZATION_PREFERS_STRING_CATALOGS = YES;
				MTL_ENABLE_DEBUG_INFO = NO;
				MTL_FAST_MATH = YES;
				SDKROOT = iphoneos;
				SWIFT_COMPILATION_MODE = wholemodule;
				VALIDATE_PRODUCT = YES;
			};
			name = Release;
		};
		9A0000030000000000000001 /* Debug */ = {
			isa = XCBuildConfiguration;
			buildSettings = {
				ASSETCATALOG_COMPILER_APPICON_NAME = AppIcon;
				ASSETCATALOG_COMPILER_GLOBAL_ACCENT_COLOR_NAME = AccentColor;
				CODE_SIGN_ENTITLEMENTS = TaskPaperApp/TaskPaperApp.entitlements;
				CODE_SIGN_STYLE = Automatic;
				CURRENT_PROJECT_VERSION = 1;
				DEVELOPMENT_TEAM = "";
				GENERATE_INFOPLIST_FILE = YES;
				INFOPLIST_FILE = TaskPaperApp/Info.plist;
				INFOPLIST_KEY_CFBundleDisplayName = TaskPaper;
				INFOPLIST_KEY_UIApplicationSceneManifest_Generation = YES;
				INFOPLIST_KEY_UIApplicationSupportsIndirectInputEvents = YES;
				INFOPLIST_KEY_UILaunchScreen_Generation = YES;
				INFOPLIST_KEY_UISupportedInterfaceOrientations_iPad = "UIInterfaceOrientationPortrait UIInterfaceOrientationPortraitUpsideDown UIInterfaceOrientationLandscapeLeft UIInterfaceOrientationLandscapeRight";
				INFOPLIST_KEY_UISupportedInterfaceOrientations_iPhone = "UIInterfaceOrientationPortrait UIInterfaceOrientationLandscapeLeft UIInterfaceOrientationLandscapeRight";
				LD_RUNPATH_SEARCH_PATHS = (
					"$(inherited)",
					"@executable_path/Frameworks",
				);
				MARKETING_VERSION = 1.0;
				PRODUCT_BUNDLE_IDENTIFIER = com.yourcompany.TaskPaperApp;
				PRODUCT_NAME = "$(TARGET_NAME)";
				SWIFT_EMIT_LOC_STRINGS = YES;
				SWIFT_VERSION = 5.0;
				TARGETED_DEVICE_FAMILY = "1";
			};
			name = Debug;
		};
		9A0000040000000000000001 /* Release */ = {
			isa = XCBuildConfiguration;
			buildSettings = {
				ASSETCATALOG_COMPILER_APPICON_NAME = AppIcon;
				ASSETCATALOG_COMPILER_GLOBAL_ACCENT_COLOR_NAME = AccentColor;
				CODE_SIGN_ENTITLEMENTS = TaskPaperApp/TaskPaperApp.entitlements;
				CODE_SIGN_STYLE = Automatic;
				CURRENT_PROJECT_VERSION = 1;
				DEVELOPMENT_TEAM = "";
				GENERATE_INFOPLIST_FILE = YES;
				INFOPLIST_FILE = TaskPaperApp/Info.plist;
				INFOPLIST_KEY_CFBundleDisplayName = TaskPaper;
				INFOPLIST_KEY_UIApplicationSceneManifest_Generation = YES;
				INFOPLIST_KEY_UIApplicationSupportsIndirectInputEvents = YES;
				INFOPLIST_KEY_UILaunchScreen_Generation = YES;
				INFOPLIST_KEY_UISupportedInterfaceOrientations_iPad = "UIInterfaceOrientationPortrait UIInterfaceOrientationPortraitUpsideDown UIInterfaceOrientationLandscapeLeft UIInterfaceOrientationLandscapeRight";
				INFOPLIST_KEY_UISupportedInterfaceOrientations_iPhone = "UIInterfaceOrientationPortrait UIInterfaceOrientationLandscapeLeft UIInterfaceOrientationLandscapeRight";
				LD_RUNPATH_SEARCH_PATHS = (
					"$(inherited)",
					"@executable_path/Frameworks",
				);
				MARKETING_VERSION = 1.0;
				PRODUCT_BUNDLE_IDENTIFIER = com.yourcompany.TaskPaperApp;
				PRODUCT_NAME = "$(TARGET_NAME)";
				SWIFT_EMIT_LOC_STRINGS = YES;
				SWIFT_VERSION = 5.0;
				TARGETED_DEVICE_FAMILY = "1";
			};
			name = Release;
		};
/* End XCBuildConfiguration section */

/* Begin XCConfigurationList section */
		7A0000010000000000000001 /* Build configuration list for PBXProject "TaskPaperApp" */ = {
			isa = XCConfigurationList;
			buildConfigurations = (
				9A0000010000000000000001 /* Debug */,
				9A0000020000000000000001 /* Release */,
			);
			defaultConfigurationIsVisible = 0;
			defaultConfigurationName = Release;
		};
		7A0000030000000000000001 /* Build configuration list for PBXNativeTarget "TaskPaperApp" */ = {
			isa = XCConfigurationList;
			buildConfigurations = (
				9A0000030000000000000001 /* Debug */,
				9A0000040000000000000001 /* Release */,
			);
			defaultConfigurationIsVisible = 0;
			defaultConfigurationName = Release;
		};
/* End XCConfigurationList section */
	};
	rootObject = 8A0000010000000000000001 /* Project object */;
}
